{
  "name": "scripts",
  "version": "1.0.0",
  "lockfileVersion": 1,
  "requires": true,
  "dependencies": {
    "@types/jquery": {
      "version": "3.3.38",
      "resolved": "https://registry.npmjs.org/@types/jquery/-/jquery-3.3.38.tgz",
      "integrity": "sha512-nkDvmx7x/6kDM5guu/YpXkGZ/Xj/IwGiLDdKM99YA5Vag7pjGyTJ8BNUh/6hxEn/sEu5DKtyRgnONJ7EmOoKrA==",
      "dev": true,
      "requires": {
        "@types/sizzle": "*"
      }
    },
    "@types/requirejs": {
      "version": "2.1.32",
      "resolved": "https://registry.npmjs.org/@types/requirejs/-/requirejs-2.1.32.tgz",
      "integrity": "sha512-TM8LeNLJkEKDcx2414tsU+aKX+Pcfx8siRgZJWsb16KT77TT2FxINO48dLLkx8a5fEuJYb+rcfgPcvq6vt96NQ==",
      "dev": true
    },
    "@types/select2": {
      "version": "4.0.49",
      "resolved": "https://registry.npmjs.org/@types/select2/-/select2-4.0.49.tgz",
      "integrity": "sha512-/DuPf/GwDn7PzvRe7YL/DfuMLfqm4GDOFF6/vrhw9h2874hX+CMLBtxKBDo5D/im+1fQgWEG/yxgoQCo+ApTqw==",
      "dev": true,
      "requires": {
        "@types/jquery": "*",
        "@types/requirejs": "*"
      }
    },
    "@types/sizzle": {
      "version": "2.3.2",
      "resolved": "https://registry.npmjs.org/@types/sizzle/-/sizzle-2.3.2.tgz",
      "integrity": "sha512-7EJYyKTL7tFR8+gDbB6Wwz/arpGa0Mywk1TJbNzKzHtzbwVmY4HR9WqS5VV7dsBUKQmPNr192jHr/VpBluj/hg==",
      "dev": true
    },
    "@types/vue": {
      "version": "2.0.0",
      "resolved": "https://registry.npmjs.org/@types/vue/-/vue-2.0.0.tgz",
      "integrity": "sha1-7Hez2JWR3rnKXLBSNoqpwyvgiOc=",
      "dev": true,
      "requires": {
        "vue": "*"
      }
    },
    "is-plain-object": {
      "version": "3.0.0",
      "resolved": "https://registry.npmjs.org/is-plain-object/-/is-plain-object-3.0.0.tgz",
      "integrity": "sha512-tZIpofR+P05k8Aocp7UI/2UTa9lTJSebCXpFFoR9aibpokDj/uXBsJ8luUu0tTVYKkMU6URDUuOfJZ7koewXvg==",
      "dev": true,
      "requires": {
        "isobject": "^4.0.0"
      }
    },
    "isobject": {
      "version": "4.0.0",
      "resolved": "https://registry.npmjs.org/isobject/-/isobject-4.0.0.tgz",
      "integrity": "sha512-S/2fF5wH8SJA/kmwr6HYhK/RI/OkhD84k8ntalo0iJjZikgq1XFvR5M8NPT1x5F7fBwCG3qHfnzeP/Vh/ZxCUA==",
      "dev": true
    },
    "types-vue": {
      "version": "1.1.0",
      "resolved": "https://registry.npmjs.org/types-vue/-/types-vue-1.1.0.tgz",
      "integrity": "sha512-fx90Mn9cAzJiqaPdzcPH2HTYGwZetTUHOfVcub43XHr6aUPWcQnMdb39mndsOfMJmHMPSVmNeL/YTQcnD16O8Q==",
      "dev": true,
      "requires": {
        "vue-class-component": "^6.2.0"
      }
    },
    "vue": {
      "version": "2.6.11",
      "resolved": "https://registry.npmjs.org/vue/-/vue-2.6.11.tgz",
      "integrity": "sha512-VfPwgcGABbGAue9+sfrD4PuwFar7gPb1yl1UK1MwXoQPAw0BKSqWfoYCT/ThFrdEVWoI51dBuyCoiNU9bZDZxQ==",
      "dev": true
    },
    "vue-class-component": {
      "version": "6.3.2",
      "resolved": "https://registry.npmjs.org/vue-class-component/-/vue-class-component-6.3.2.tgz",
      "integrity": "sha512-cH208IoM+jgZyEf/g7mnFyofwPDJTM/QvBNhYMjqGB8fCsRyTf68rH2ISw/G20tJv+5mIThQ3upKwoL4jLTr1A==",
      "dev": true
    },
    "vue-types": {
      "version": "1.7.0",
      "resolved": "https://registry.npmjs.org/vue-types/-/vue-types-1.7.0.tgz",
      "integrity": "sha512-MbhuWukmcBJHdfXAdLerbP29i3j2HAJoKwEv7No2Jh/YNl9dOKsNBfvMOkf0SS8VCuWd1/JBX4NnGaGUojbkUA==",
      "dev": true,
      "requires": {
        "is-plain-object": "3.0.0"
      }
    }
  }
}
